
Microsoft Visual Studio Solution File, Format Version 12.00
# Visual Studio Version 16
VisualStudioVersion = 16.0.31624.102
MinimumVisualStudioVersion = 10.0.40219.1
Project("{FAE04EC0-301F-11D3-BF4B-00C04F79EFBC}") = "NetworkController", "NetworkController\NetworkController.csproj", "{8111694C-A5CA-4868-AB2E-A2413A095351}"
EndProject
Global
	GlobalSection(SolutionConfigurationPlatforms) = preSolution
		Debug|Any CPU = Debug|Any CPU
		Release|Any CPU = Release|Any CPU
	EndGlobalSection
	GlobalSection(ProjectConfigurationPlatforms) = postSolution
		{8111694C-A5CA-4868-AB2E-A2413A095351}.Debug|Any CPU.ActiveCfg = Debug|Any CPU
		{8111694C-A5CA-4868-AB2E-A2413A095351}.Debug|Any CPU.Build.0 = Debug|Any CPU
		{8111694C-A5CA-4868-AB2E-A2413A095351}.Release|Any CPU.ActiveCfg = Release|Any CPU
		{8111694C-A5CA-4868-AB2E-A2413A095351}.Release|Any CPU.Build.0 = Release|Any CPU
	EndGlobalSection
	GlobalSection(SolutionProperties) = preSolution
		HideSolutionNode = FALSE
	EndGlobalSection
	GlobalSection(ExtensibilityGlobals) = postSolution
		SolutionGuid = {1BBC549E-674D-4A82-B4A6-20B8CCB9EC76}
	EndGlobalSection
EndGlobal
